go.temporal.io/sdk v1.45.0 h1:kvsczo3SHTS60+zBWH9lljLmBLWSXcyGkBxr88z8iQI=
go.temporal.io/sdk v1.45.0/go.mod h1:vkApR12F9/Y8OR+hkxe7WyXQFuCX6clhzqnAk6rzDAM=
github.com/stretchr/testify v1.11.1 h1:7s2iGBzp5EwR7/aIZr8ao5+dra3wiQyKjjFuvgVKu7U=
github.com/stretchr/testify v1.11.1/go.mod h1:wZwfW3scLgRK+23gO65QZefKpKQRnfz6sD981Nm4B6U=
